<?xml version="1.0" encoding="utf-8"?>
<Project ToolsVersion="4.0" xmlns="http://schemas.microsoft.com/developer/msbuild/2003">
  <ItemGroup>
    <Filter Include="Scenes">
      <UniqueIdentifier>{24742f65-3c74-4016-9a5a-5f3734c5082d}</UniqueIdentifier>
    </Filter>
  </ItemGroup>
  <ItemGroup>
    <ClInclude Include="sbLoadScenes.h">
      <Filter>Scenes</Filter>
    </ClInclude>
    <ClInclude Include="sbPlayScene.h">
      <Filter>Scenes</Filter>
    </ClInclude>
    <ClInclude Include="sbPlayer.h" />
  </ItemGroup>
  <ItemGroup>
    <ClCompile Include="sbPlayScene.cpp">
      <Filter>Scenes</Filter>
    </ClCompile>
    <ClCompile Include="sbPlayer.cpp" />
  </ItemGroup>
</Project>