<?xml version="1.0" encoding="utf-8"?>
<Project ToolsVersion="4.0" xmlns="http://schemas.microsoft.com/developer/msbuild/2003">
  <ItemGroup>
    <Filter Include="Scenes">
      <UniqueIdentifier>{24742f65-3c74-4016-9a5a-5f3734c5082d}</UniqueIdentifier>
    </Filter>
    <Filter Include="Contents">
      <UniqueIdentifier>{0adbeca7-ee38-4591-9e26-59cabcbc5ba5}</UniqueIdentifier>
    </Filter>
    <Filter Include="Script">
      <UniqueIdentifier>{6cf38549-a0c0-4601-bf93-e68d208adbb8}</UniqueIdentifier>
    </Filter>
  </ItemGroup>
  <ItemGroup>
    <ClInclude Include="sbLoadScenes.h">
      <Filter>Scenes</Filter>
    </ClInclude>
    <ClInclude Include="sbPlayScene.h">
      <Filter>Scenes</Filter>
    </ClInclude>
    <ClInclude Include="sbPlayer.h">
      <Filter>Contents</Filter>
    </ClInclude>
    <ClInclude Include="sbTitleScene.h">
      <Filter>Scenes</Filter>
    </ClInclude>
    <ClInclude Include="sbLoadResources.h" />
    <ClInclude Include="sbPlayerScript.h">
      <Filter>Script</Filter>
    </ClInclude>
  </ItemGroup>
  <ItemGroup>
    <ClCompile Include="sbPlayScene.cpp">
      <Filter>Scenes</Filter>
    </ClCompile>
    <ClCompile Include="sbPlayer.cpp">
      <Filter>Contents</Filter>
    </ClCompile>
    <ClCompile Include="sbTitleScene.cpp">
      <Filter>Scenes</Filter>
    </ClCompile>
    <ClCompile Include="sbPlayerScript.cpp">
      <Filter>Script</Filter>
    </ClCompile>
  </ItemGroup>
</Project>